
Microsoft Visual Studio Solution File, Format Version 12.00
# Visual Studio Version 17
VisualStudioVersion = 17.8.34322.80
MinimumVisualStudioVersion = 10.0.40219.1
Project("{FAE04EC0-301F-11D3-BF4B-00C04F79EFBC}") = "Application", "Application\Application.csproj", "{B4CC4DBF-02F1-462F-A7EB-C54041BE835C}"
EndProject
Project("{FAE04EC0-301F-11D3-BF4B-00C04F79EFBC}") = "Domain", "Domain\Domain.csproj", "{2DF26345-D8FA-4C91-89EF-0643BD8B6F00}"
EndProject
Project("{FAE04EC0-301F-11D3-BF4B-00C04F79EFBC}") = "Persistance", "Persistance\Persistance.csproj", "{58A60DC6-81CC-441C-940D-146CE7D25A56}"
EndProject
Project("{FAE04EC0-301F-11D3-BF4B-00C04F79EFBC}") = "Infrastructure", "Infrastructure\Infrastructure.csproj", "{8C8AE419-E142-428D-809B-5963D67C351B}"
EndProject
Project("{FAE04EC0-301F-11D3-BF4B-00C04F79EFBC}") = "WebAPI", "WebAPI\WebAPI.csproj", "{1FDF635D-5DBE-447B-8B37-744EA67D319C}"
EndProject
Project("{FAE04EC0-301F-11D3-BF4B-00C04F79EFBC}") = "Core", "Core\Core.csproj", "{B2612D3B-0797-4F2D-857E-97B710716832}"
EndProject
Global
	GlobalSection(SolutionConfigurationPlatforms) = preSolution
		Debug|Any CPU = Debug|Any CPU
		Release|Any CPU = Release|Any CPU
	EndGlobalSection
	GlobalSection(ProjectConfigurationPlatforms) = postSolution
		{B4CC4DBF-02F1-462F-A7EB-C54041BE835C}.Debug|Any CPU.ActiveCfg = Debug|Any CPU
		{B4CC4DBF-02F1-462F-A7EB-C54041BE835C}.Debug|Any CPU.Build.0 = Debug|Any CPU
		{B4CC4DBF-02F1-462F-A7EB-C54041BE835C}.Release|Any CPU.ActiveCfg = Release|Any CPU
		{B4CC4DBF-02F1-462F-A7EB-C54041BE835C}.Release|Any CPU.Build.0 = Release|Any CPU
		{2DF26345-D8FA-4C91-89EF-0643BD8B6F00}.Debug|Any CPU.ActiveCfg = Debug|Any CPU
		{2DF26345-D8FA-4C91-89EF-0643BD8B6F00}.Debug|Any CPU.Build.0 = Debug|Any CPU
		{2DF26345-D8FA-4C91-89EF-0643BD8B6F00}.Release|Any CPU.ActiveCfg = Release|Any CPU
		{2DF26345-D8FA-4C91-89EF-0643BD8B6F00}.Release|Any CPU.Build.0 = Release|Any CPU
		{58A60DC6-81CC-441C-940D-146CE7D25A56}.Debug|Any CPU.ActiveCfg = Debug|Any CPU
		{58A60DC6-81CC-441C-940D-146CE7D25A56}.Debug|Any CPU.Build.0 = Debug|Any CPU
		{58A60DC6-81CC-441C-940D-146CE7D25A56}.Release|Any CPU.ActiveCfg = Release|Any CPU
		{58A60DC6-81CC-441C-940D-146CE7D25A56}.Release|Any CPU.Build.0 = Release|Any CPU
		{8C8AE419-E142-428D-809B-5963D67C351B}.Debug|Any CPU.ActiveCfg = Debug|Any CPU
		{8C8AE419-E142-428D-809B-5963D67C351B}.Debug|Any CPU.Build.0 = Debug|Any CPU
		{8C8AE419-E142-428D-809B-5963D67C351B}.Release|Any CPU.ActiveCfg = Release|Any CPU
		{8C8AE419-E142-428D-809B-5963D67C351B}.Release|Any CPU.Build.0 = Release|Any CPU
		{1FDF635D-5DBE-447B-8B37-744EA67D319C}.Debug|Any CPU.ActiveCfg = Debug|Any CPU
		{1FDF635D-5DBE-447B-8B37-744EA67D319C}.Debug|Any CPU.Build.0 = Debug|Any CPU
		{1FDF635D-5DBE-447B-8B37-744EA67D319C}.Release|Any CPU.ActiveCfg = Release|Any CPU
		{1FDF635D-5DBE-447B-8B37-744EA67D319C}.Release|Any CPU.Build.0 = Release|Any CPU
		{B2612D3B-0797-4F2D-857E-97B710716832}.Debug|Any CPU.ActiveCfg = Debug|Any CPU
		{B2612D3B-0797-4F2D-857E-97B710716832}.Debug|Any CPU.Build.0 = Debug|Any CPU
		{B2612D3B-0797-4F2D-857E-97B710716832}.Release|Any CPU.ActiveCfg = Release|Any CPU
		{B2612D3B-0797-4F2D-857E-97B710716832}.Release|Any CPU.Build.0 = Release|Any CPU
	EndGlobalSection
	GlobalSection(SolutionProperties) = preSolution
		HideSolutionNode = FALSE
	EndGlobalSection
	GlobalSection(ExtensibilityGlobals) = postSolution
		SolutionGuid = {86FEDBE0-8DC0-4D9B-ACF9-467EDA9D3308}
	EndGlobalSection
EndGlobal
